
Microsoft Visual Studio Solution File, Format Version 12.00
# Visual Studio Version 16
VisualStudioVersion = 16.0.31019.35
MinimumVisualStudioVersion = 10.0.40219.1
Project("{8BC9CEB8-8B4A-11D0-8D11-00A0C91BC942}") = "Lab1.3", "Lab1.3\Lab1.3.vcxproj", "{16A74F29-7F66-44BB-BFC8-24BB9EA56695}"
EndProject
Project("{8BC9CEB8-8B4A-11D0-8D11-00A0C91BC942}") = "UnitTest1", "UnitTest1\UnitTest1.vcxproj", "{01A1FF3F-7D52-4925-8F3C-758AFEC2E9F6}"
EndProject
Global
	GlobalSection(SolutionConfigurationPlatforms) = preSolution
		Debug|x64 = Debug|x64
		Debug|x86 = Debug|x86
		Release|x64 = Release|x64
		Release|x86 = Release|x86
	EndGlobalSection
	GlobalSection(ProjectConfigurationPlatforms) = postSolution
		{16A74F29-7F66-44BB-BFC8-24BB9EA56695}.Debug|x64.ActiveCfg = Debug|x64
		{16A74F29-7F66-44BB-BFC8-24BB9EA56695}.Debug|x64.Build.0 = Debug|x64
		{16A74F29-7F66-44BB-BFC8-24BB9EA56695}.Debug|x86.ActiveCfg = Debug|Win32
		{16A74F29-7F66-44BB-BFC8-24BB9EA56695}.Debug|x86.Build.0 = Debug|Win32
		{16A74F29-7F66-44BB-BFC8-24BB9EA56695}.Release|x64.ActiveCfg = Release|x64
		{16A74F29-7F66-44BB-BFC8-24BB9EA56695}.Release|x64.Build.0 = Release|x64
		{16A74F29-7F66-44BB-BFC8-24BB9EA56695}.Release|x86.ActiveCfg = Release|Win32
		{16A74F29-7F66-44BB-BFC8-24BB9EA56695}.Release|x86.Build.0 = Release|Win32
		{01A1FF3F-7D52-4925-8F3C-758AFEC2E9F6}.Debug|x64.ActiveCfg = Debug|x64
		{01A1FF3F-7D52-4925-8F3C-758AFEC2E9F6}.Debug|x64.Build.0 = Debug|x64
		{01A1FF3F-7D52-4925-8F3C-758AFEC2E9F6}.Debug|x86.ActiveCfg = Debug|Win32
		{01A1FF3F-7D52-4925-8F3C-758AFEC2E9F6}.Debug|x86.Build.0 = Debug|Win32
		{01A1FF3F-7D52-4925-8F3C-758AFEC2E9F6}.Release|x64.ActiveCfg = Release|x64
		{01A1FF3F-7D52-4925-8F3C-758AFEC2E9F6}.Release|x64.Build.0 = Release|x64
		{01A1FF3F-7D52-4925-8F3C-758AFEC2E9F6}.Release|x86.ActiveCfg = Release|Win32
		{01A1FF3F-7D52-4925-8F3C-758AFEC2E9F6}.Release|x86.Build.0 = Release|Win32
	EndGlobalSection
	GlobalSection(SolutionProperties) = preSolution
		HideSolutionNode = FALSE
	EndGlobalSection
	GlobalSection(ExtensibilityGlobals) = postSolution
		SolutionGuid = {00142D28-AFA8-4930-8618-7BEF0CEA97B9}
	EndGlobalSection
EndGlobal
